
Microsoft Visual Studio Solution File, Format Version 12.00
# Visual Studio 15
VisualStudioVersion = 15.0.27130.2003
MinimumVisualStudioVersion = 10.0.40219.1
Project("{9A19103F-16F7-4668-BE54-9A1E7A4F7556}") = "CCM", "CCM\CCM.csproj", "{8455C807-61BE-4929-97C9-6DCECF0FC58F}"
EndProject
Project("{9A19103F-16F7-4668-BE54-9A1E7A4F7556}") = "CCMAdmin", "CCMAdmin\CCMAdmin.csproj", "{28F8C0F0-7469-459F-A9CF-D11F558B9959}"
EndProject
Project("{9A19103F-16F7-4668-BE54-9A1E7A4F7556}") = "CCM.Data.Web", "CCM.Web\CCM.Data.Web.csproj", "{C248795A-D87F-449F-8167-BD9C066AA119}"
EndProject
Project("{9A19103F-16F7-4668-BE54-9A1E7A4F7556}") = "CCM.Data", "CCM.Data\CCM.Data.csproj", "{AA4ACD3F-AEC5-483C-8BC7-838DAD16B07E}"
EndProject
Project("{9A19103F-16F7-4668-BE54-9A1E7A4F7556}") = "CCM.Data.Interface", "CCM.Data.Interface\CCM.Data.Interface.csproj", "{C8FF087E-ABF1-4A19-8ED5-2193D1241E6C}"
EndProject
Project("{FAE04EC0-301F-11D3-BF4B-00C04F79EFBC}") = "Core.Utils", "Core.Utils\Core.Utils.csproj", "{9F5FB366-7C19-49DD-AB42-5D6C2043E470}"
EndProject
Global
	GlobalSection(SolutionConfigurationPlatforms) = preSolution
		Debug|Any CPU = Debug|Any CPU
		Release|Any CPU = Release|Any CPU
	EndGlobalSection
	GlobalSection(ProjectConfigurationPlatforms) = postSolution
		{8455C807-61BE-4929-97C9-6DCECF0FC58F}.Debug|Any CPU.ActiveCfg = Debug|Any CPU
		{8455C807-61BE-4929-97C9-6DCECF0FC58F}.Debug|Any CPU.Build.0 = Debug|Any CPU
		{8455C807-61BE-4929-97C9-6DCECF0FC58F}.Release|Any CPU.ActiveCfg = Release|Any CPU
		{8455C807-61BE-4929-97C9-6DCECF0FC58F}.Release|Any CPU.Build.0 = Release|Any CPU
		{28F8C0F0-7469-459F-A9CF-D11F558B9959}.Debug|Any CPU.ActiveCfg = Debug|Any CPU
		{28F8C0F0-7469-459F-A9CF-D11F558B9959}.Debug|Any CPU.Build.0 = Debug|Any CPU
		{28F8C0F0-7469-459F-A9CF-D11F558B9959}.Release|Any CPU.ActiveCfg = Release|Any CPU
		{28F8C0F0-7469-459F-A9CF-D11F558B9959}.Release|Any CPU.Build.0 = Release|Any CPU
		{C248795A-D87F-449F-8167-BD9C066AA119}.Debug|Any CPU.ActiveCfg = Debug|Any CPU
		{C248795A-D87F-449F-8167-BD9C066AA119}.Debug|Any CPU.Build.0 = Debug|Any CPU
		{C248795A-D87F-449F-8167-BD9C066AA119}.Release|Any CPU.ActiveCfg = Release|Any CPU
		{C248795A-D87F-449F-8167-BD9C066AA119}.Release|Any CPU.Build.0 = Release|Any CPU
		{AA4ACD3F-AEC5-483C-8BC7-838DAD16B07E}.Debug|Any CPU.ActiveCfg = Debug|Any CPU
		{AA4ACD3F-AEC5-483C-8BC7-838DAD16B07E}.Debug|Any CPU.Build.0 = Debug|Any CPU
		{AA4ACD3F-AEC5-483C-8BC7-838DAD16B07E}.Release|Any CPU.ActiveCfg = Release|Any CPU
		{AA4ACD3F-AEC5-483C-8BC7-838DAD16B07E}.Release|Any CPU.Build.0 = Release|Any CPU
		{C8FF087E-ABF1-4A19-8ED5-2193D1241E6C}.Debug|Any CPU.ActiveCfg = Debug|Any CPU
		{C8FF087E-ABF1-4A19-8ED5-2193D1241E6C}.Debug|Any CPU.Build.0 = Debug|Any CPU
		{C8FF087E-ABF1-4A19-8ED5-2193D1241E6C}.Release|Any CPU.ActiveCfg = Release|Any CPU
		{C8FF087E-ABF1-4A19-8ED5-2193D1241E6C}.Release|Any CPU.Build.0 = Release|Any CPU
		{9F5FB366-7C19-49DD-AB42-5D6C2043E470}.Debug|Any CPU.ActiveCfg = Debug|Any CPU
		{9F5FB366-7C19-49DD-AB42-5D6C2043E470}.Debug|Any CPU.Build.0 = Debug|Any CPU
		{9F5FB366-7C19-49DD-AB42-5D6C2043E470}.Release|Any CPU.ActiveCfg = Release|Any CPU
		{9F5FB366-7C19-49DD-AB42-5D6C2043E470}.Release|Any CPU.Build.0 = Release|Any CPU
	EndGlobalSection
	GlobalSection(SolutionProperties) = preSolution
		HideSolutionNode = FALSE
	EndGlobalSection
	GlobalSection(ExtensibilityGlobals) = postSolution
		SolutionGuid = {7D7B59E5-5677-404B-9CAC-365594CA1D32}
	EndGlobalSection
EndGlobal
